# THIS IS AN AUTOGENERATED FILE. DO NOT EDIT THIS FILE DIRECTLY.
# yarn lockfile v1


"2kenizer@*":
  version "0.1.6"
  resolved "https://registry.yarnpkg.com/2kenizer/-/2kenizer-0.1.6.tgz#a4cc5263894aedec995493af7735f87872f6b390"
  integrity sha1-pMxSY4lK7eyZVJOvdzX4eHL2s5A=

php@^0.0.1:
  version "0.0.1"
  resolved "https://registry.yarnpkg.com/php/-/php-0.0.1.tgz#df88ec9c7add9146b1578dd18eb30fb929cbc2cc"
  integrity sha1-34jsnHrdkUaxV43RjrMPuSnLwsw=
  dependencies:
    "2kenizer" "*"
    sjs "*"

sjs@*:
  version "0.0.3"
  resolved "https://registry.yarnpkg.com/sjs/-/sjs-0.0.3.tgz#38cb101cfbe57b7f6aaee70062d5b59f8f9b0273"
  integrity sha1-OMsQHPvle39qrucAYtW1n4+bAnM=
  dependencies:
    "2kenizer" "*"
